// !$*UTF8*$!
{
	archiveVersion = 1;
	classes = {
	};
	objectVersion = 56;
	objects = {

/* Begin PBXBuildFile section */
		CDC3DFD4298D11D300D1FE30 /* AppDelegate.swift in Sources */ = {isa = PBXBuildFile; fileRef = CDC3DFD3298D11D300D1FE30 /* AppDelegate.swift */; };
		CDC3DFD6298D11D300D1FE30 /* SceneDelegate.swift in Sources */ = {isa = PBXBuildFile; fileRef = CDC3DFD5298D11D300D1FE30 /* SceneDelegate.swift */; };
		CDC3DFD8298D11D300D1FE30 /* ViewController.swift in Sources */ = {isa = PBXBuildFile; fileRef = CDC3DFD7298D11D300D1FE30 /* ViewController.swift */; };
		CDC3DFDB298D11D300D1FE30 /* Main.storyboard in Resources */ = {isa = PBXBuildFile; fileRef = CDC3DFD9298D11D300D1FE30 /* Main.storyboard */; };
		CDC3DFDD298D11D500D1FE30 /* Assets.xcassets in Resources */ = {isa = PBXBuildFile; fileRef = CDC3DFDC298D11D500D1FE30 /* Assets.xcassets */; };
		CDC3DFE0298D11D500D1FE30 /* LaunchScreen.storyboard in Resources */ = {isa = PBXBuildFile; fileRef = CDC3DFDE298D11D500D1FE30 /* LaunchScreen.storyboard */; };
		CDC3DFEB298D11D600D1FE30 /* BankeyTests.swift in Sources */ = {isa = PBXBuildFile; fileRef = CDC3DFEA298D11D600D1FE30 /* BankeyTests.swift */; };
		CDC3DFF5298D11D600D1FE30 /* BankeyUITests.swift in Sources */ = {isa = PBXBuildFile; fileRef = CDC3DFF4298D11D600D1FE30 /* BankeyUITests.swift */; };
		CDC3DFF7298D11D600D1FE30 /* BankeyUITestsLaunchTests.swift in Sources */ = {isa = PBXBuildFile; fileRef = CDC3DFF6298D11D600D1FE30 /* BankeyUITestsLaunchTests.swift */; };
/* End PBXBuildFile section */

/* Begin PBXContainerItemProxy section */
		CDC3DFE7298D11D600D1FE30 /* PBXContainerItemProxy */ = {
			isa = PBXContainerItemProxy;
			containerPortal = CDC3DFC8298D11D300D1FE30 /* Project object */;
			proxyType = 1;
			remoteGlobalIDString = CDC3DFCF298D11D300D1FE30;
			remoteInfo = Bankey;
		};
		CDC3DFF1298D11D600D1FE30 /* PBXContainerItemProxy */ = {
			isa = PBXContainerItemProxy;
			containerPortal = CDC3DFC8298D11D300D1FE30 /* Project object */;
			proxyType = 1;
			remoteGlobalIDString = CDC3DFCF298D11D300D1FE30;
			remoteInfo = Bankey;
		};
/* End PBXContainerItemProxy section */

/* Begin PBXFileReference section */
		CDC3DFD0298D11D300D1FE30 /* Bankey.app */ = {isa = PBXFileReference; explicitFileType = wrapper.application; includeInIndex = 0; path = Bankey.app; sourceTree = BUILT_PRODUCTS_DIR; };
		CDC3DFD3298D11D300D1FE30 /* AppDelegate.swift */ = {isa = PBXFileReference; lastKnownFileType = sourcecode.swift; path = AppDelegate.swift; sourceTree = "<group>"; };
		CDC3DFD5298D11D300D1FE30 /* SceneDelegate.swift */ = {isa = PBXFileReference; lastKnownFileType = sourcecode.swift; path = SceneDelegate.swift; sourceTree = "<group>"; };
		CDC3DFD7298D11D300D1FE30 /* ViewController.swift */ = {isa = PBXFileReference; lastKnownFileType = sourcecode.swift; path = ViewController.swift; sourceTree = "<group>"; };
		CDC3DFDA298D11D300D1FE30 /* Base */ = {isa = PBXFileReference; lastKnownFileType = file.storyboard; name = Base; path = Base.lproj/Main.storyboard; sourceTree = "<group>"; };
		CDC3DFDC298D11D500D1FE30 /* Assets.xcassets */ = {isa = PBXFileReference; lastKnownFileType = folder.assetcatalog; path = Assets.xcassets; sourceTree = "<group>"; };
		CDC3DFDF298D11D500D1FE30 /* Base */ = {isa = PBXFileReference; lastKnownFileType = file.storyboard; name = Base; path = Base.lproj/LaunchScreen.storyboard; sourceTree = "<group>"; };
		CDC3DFE1298D11D500D1FE30 /* Info.plist */ = {isa = PBXFileReference; lastKnownFileType = text.plist.xml; path = Info.plist; sourceTree = "<group>"; };
		CDC3DFE6298D11D600D1FE30 /* BankeyTests.xctest */ = {isa = PBXFileReference; explicitFileType = wrapper.cfbundle; includeInIndex = 0; path = BankeyTests.xctest; sourceTree = BUILT_PRODUCTS_DIR; };
		CDC3DFEA298D11D600D1FE30 /* BankeyTests.swift */ = {isa = PBXFileReference; lastKnownFileType = sourcecode.swift; path = BankeyTests.swift; sourceTree = "<group>"; };
		CDC3DFF0298D11D600D1FE30 /* BankeyUITests.xctest */ = {isa = PBXFileReference; explicitFileType = wrapper.cfbundle; includeInIndex = 0; path = BankeyUITests.xctest; sourceTree = BUILT_PRODUCTS_DIR; };
		CDC3DFF4298D11D600D1FE30 /* BankeyUITests.swift */ = {isa = PBXFileReference; lastKnownFileType = sourcecode.swift; path = BankeyUITests.swift; sourceTree = "<group>"; };
		CDC3DFF6298D11D600D1FE30 /* BankeyUITestsLaunchTests.swift */ = {isa = PBXFileReference; lastKnownFileType = sourcecode.swift; path = BankeyUITestsLaunchTests.swift; sourceTree = "<group>"; };
/* End PBXFileReference section */

/* Begin PBXFrameworksBuildPhase section */
		CDC3DFCD298D11D300D1FE30 /* Frameworks */ = {
			isa = PBXFrameworksBuildPhase;
			buildActionMask = 2147483647;
			files = (
			);
			runOnlyForDeploymentPostprocessing = 0;
		};
		CDC3DFE3298D11D600D1FE30 /* Frameworks */ = {
			isa = PBXFrameworksBuildPhase;
			buildActionMask = 2147483647;
			files = (
			);
			runOnlyForDeploymentPostprocessing = 0;
		};
		CDC3DFED298D11D600D1FE30 /* Frameworks */ = {
			isa = PBXFrameworksBuildPhase;
			buildActionMask = 2147483647;
			files = (
			);
			runOnlyForDeploymentPostprocessing = 0;
		};
/* End PBXFrameworksBuildPhase section */

/* Begin PBXGroup section */
		CDC3DFC7298D11D300D1FE30 = {
			isa = PBXGroup;
			children = (
				CDC3DFD2298D11D300D1FE30 /* Bankey */,
				CDC3DFE9298D11D600D1FE30 /* BankeyTests */,
				CDC3DFF3298D11D600D1FE30 /* BankeyUITests */,
				CDC3DFD1298D11D300D1FE30 /* Products */,
			);
			sourceTree = "<group>";
		};
		CDC3DFD1298D11D300D1FE30 /* Products */ = {
			isa = PBXGroup;
			children = (
				CDC3DFD0298D11D300D1FE30 /* Bankey.app */,
				CDC3DFE6298D11D600D1FE30 /* BankeyTests.xctest */,
				CDC3DFF0298D11D600D1FE30 /* BankeyUITests.xctest */,
			);
			name = Products;
			sourceTree = "<group>";
		};
		CDC3DFD2298D11D300D1FE30 /* Bankey */ = {
			isa = PBXGroup;
			children = (
				CDC3DFD3298D11D300D1FE30 /* AppDelegate.swift */,
				CDC3DFD5298D11D300D1FE30 /* SceneDelegate.swift */,
				CDC3DFD7298D11D300D1FE30 /* ViewController.swift */,
				CDC3DFD9298D11D300D1FE30 /* Main.storyboard */,
				CDC3DFDC298D11D500D1FE30 /* Assets.xcassets */,
				CDC3DFDE298D11D500D1FE30 /* LaunchScreen.storyboard */,
				CDC3DFE1298D11D500D1FE30 /* Info.plist */,
			);
			path = Bankey;
			sourceTree = "<group>";
		};
		CDC3DFE9298D11D600D1FE30 /* BankeyTests */ = {
			isa = PBXGroup;
			children = (
				CDC3DFEA298D11D600D1FE30 /* BankeyTests.swift */,
			);
			path = BankeyTests;
			sourceTree = "<group>";
		};
		CDC3DFF3298D11D600D1FE30 /* BankeyUITests */ = {
			isa = PBXGroup;
			children = (
				CDC3DFF4298D11D600D1FE30 /* BankeyUITests.swift */,
				CDC3DFF6298D11D600D1FE30 /* BankeyUITestsLaunchTests.swift */,
			);
			path = BankeyUITests;
			sourceTree = "<group>";
		};
/* End PBXGroup section */

/* Begin PBXNativeTarget section */
		CDC3DFCF298D11D300D1FE30 /* Bankey */ = {
			isa = PBXNativeTarget;
			buildConfigurationList = CDC3DFFA298D11D600D1FE30 /* Build configuration list for PBXNativeTarget "Bankey" */;
			buildPhases = (
				CDC3DFCC298D11D300D1FE30 /* Sources */,
				CDC3DFCD298D11D300D1FE30 /* Frameworks */,
				CDC3DFCE298D11D300D1FE30 /* Resources */,
			);
			buildRules = (
			);
			dependencies = (
			);
			name = Bankey;
			productName = Bankey;
			productReference = CDC3DFD0298D11D300D1FE30 /* Bankey.app */;
			productType = "com.apple.product-type.application";
		};
		CDC3DFE5298D11D600D1FE30 /* BankeyTests */ = {
			isa = PBXNativeTarget;
			buildConfigurationList = CDC3DFFD298D11D600D1FE30 /* Build configuration list for PBXNativeTarget "BankeyTests" */;
			buildPhases = (
				CDC3DFE2298D11D600D1FE30 /* Sources */,
				CDC3DFE3298D11D600D1FE30 /* Frameworks */,
				CDC3DFE4298D11D600D1FE30 /* Resources */,
			);
			buildRules = (
			);
			dependencies = (
				CDC3DFE8298D11D600D1FE30 /* PBXTargetDependency */,
			);
			name = BankeyTests;
			productName = BankeyTests;
			productReference = CDC3DFE6298D11D600D1FE30 /* BankeyTests.xctest */;
			productType = "com.apple.product-type.bundle.unit-test";
		};
		CDC3DFEF298D11D600D1FE30 /* BankeyUITests */ = {
			isa = PBXNativeTarget;
			buildConfigurationList = CDC3E000298D11D600D1FE30 /* Build configuration list for PBXNativeTarget "BankeyUITests" */;
			buildPhases = (
				CDC3DFEC298D11D600D1FE30 /* Sources */,
				CDC3DFED298D11D600D1FE30 /* Frameworks */,
				CDC3DFEE298D11D600D1FE30 /* Resources */,
			);
			buildRules = (
			);
			dependencies = (
				CDC3DFF2298D11D600D1FE30 /* PBXTargetDependency */,
			);
			name = BankeyUITests;
			productName = BankeyUITests;
			productReference = CDC3DFF0298D11D600D1FE30 /* BankeyUITests.xctest */;
			productType = "com.apple.product-type.bundle.ui-testing";
		};
/* End PBXNativeTarget section */

/* Begin PBXProject section */
		CDC3DFC8298D11D300D1FE30 /* Project object */ = {
			isa = PBXProject;
			attributes = {
				BuildIndependentTargetsInParallel = 1;
				LastSwiftUpdateCheck = 1420;
				LastUpgradeCheck = 1420;
				TargetAttributes = {
					CDC3DFCF298D11D300D1FE30 = {
						CreatedOnToolsVersion = 14.2;
					};
					CDC3DFE5298D11D600D1FE30 = {
						CreatedOnToolsVersion = 14.2;
						TestTargetID = CDC3DFCF298D11D300D1FE30;
					};
					CDC3DFEF298D11D600D1FE30 = {
						CreatedOnToolsVersion = 14.2;
						TestTargetID = CDC3DFCF298D11D300D1FE30;
					};
				};
			};
			buildConfigurationList = CDC3DFCB298D11D300D1FE30 /* Build configuration list for PBXProject "Bankey" */;
			compatibilityVersion = "Xcode 14.0";
			developmentRegion = en;
			hasScannedForEncodings = 0;
			knownRegions = (
				en,
				Base,
			);
			mainGroup = CDC3DFC7298D11D300D1FE30;
			productRefGroup = CDC3DFD1298D11D300D1FE30 /* Products */;
			projectDirPath = "";
			projectRoot = "";
			targets = (
				CDC3DFCF298D11D300D1FE30 /* Bankey */,
				CDC3DFE5298D11D600D1FE30 /* BankeyTests */,
				CDC3DFEF298D11D600D1FE30 /* BankeyUITests */,
			);
		};
/* End PBXProject section */

/* Begin PBXResourcesBuildPhase section */
		CDC3DFCE298D11D300D1FE30 /* Resources */ = {
			isa = PBXResourcesBuildPhase;
			buildActionMask = 2147483647;
			files = (
				CDC3DFE0298D11D500D1FE30 /* LaunchScreen.storyboard in Resources */,
				CDC3DFDD298D11D500D1FE30 /* Assets.xcassets in Resources */,
				CDC3DFDB298D11D300D1FE30 /* Main.storyboard in Resources */,
			);
			runOnlyForDeploymentPostprocessing = 0;
		};
		CDC3DFE4298D11D600D1FE30 /* Resources */ = {
			isa = PBXResourcesBuildPhase;
			buildActionMask = 2147483647;
			files = (
			);
			runOnlyForDeploymentPostprocessing = 0;
		};
		CDC3DFEE298D11D600D1FE30 /* Resources */ = {
			isa = PBXResourcesBuildPhase;
			buildActionMask = 2147483647;
			files = (
			);
			runOnlyForDeploymentPostprocessing = 0;
		};
/* End PBXResourcesBuildPhase section */

/* Begin PBXSourcesBuildPhase section */
		CDC3DFCC298D11D300D1FE30 /* Sources */ = {
			isa = PBXSourcesBuildPhase;
			buildActionMask = 2147483647;
			files = (
				CDC3DFD8298D11D300D1FE30 /* ViewController.swift in Sources */,
				CDC3DFD4298D11D300D1FE30 /* AppDelegate.swift in Sources */,
				CDC3DFD6298D11D300D1FE30 /* SceneDelegate.swift in Sources */,
			);
			runOnlyForDeploymentPostprocessing = 0;
		};
		CDC3DFE2298D11D600D1FE30 /* Sources */ = {
			isa = PBXSourcesBuildPhase;
			buildActionMask = 2147483647;
			files = (
				CDC3DFEB298D11D600D1FE30 /* BankeyTests.swift in Sources */,
			);
			runOnlyForDeploymentPostprocessing = 0;
		};
		CDC3DFEC298D11D600D1FE30 /* Sources */ = {
			isa = PBXSourcesBuildPhase;
			buildActionMask = 2147483647;
			files = (
				CDC3DFF7298D11D600D1FE30 /* BankeyUITestsLaunchTests.swift in Sources */,
				CDC3DFF5298D11D600D1FE30 /* BankeyUITests.swift in Sources */,
			);
			runOnlyForDeploymentPostprocessing = 0;
		};
/* End PBXSourcesBuildPhase section */

/* Begin PBXTargetDependency section */
		CDC3DFE8298D11D600D1FE30 /* PBXTargetDependency */ = {
			isa = PBXTargetDependency;
			target = CDC3DFCF298D11D300D1FE30 /* Bankey */;
			targetProxy = CDC3DFE7298D11D600D1FE30 /* PBXContainerItemProxy */;
		};
		CDC3DFF2298D11D600D1FE30 /* PBXTargetDependency */ = {
			isa = PBXTargetDependency;
			target = CDC3DFCF298D11D300D1FE30 /* Bankey */;
			targetProxy = CDC3DFF1298D11D600D1FE30 /* PBXContainerItemProxy */;
		};
/* End PBXTargetDependency section */

/* Begin PBXVariantGroup section */
		CDC3DFD9298D11D300D1FE30 /* Main.storyboard */ = {
			isa = PBXVariantGroup;
			children = (
				CDC3DFDA298D11D300D1FE30 /* Base */,
			);
			name = Main.storyboard;
			sourceTree = "<group>";
		};
		CDC3DFDE298D11D500D1FE30 /* LaunchScreen.storyboard */ = {
			isa = PBXVariantGroup;
			children = (
				CDC3DFDF298D11D500D1FE30 /* Base */,
			);
			name = LaunchScreen.storyboard;
			sourceTree = "<group>";
		};
/* End PBXVariantGroup section */

/* Begin XCBuildConfiguration section */
		CDC3DFF8298D11D600D1FE30 /* Debug */ = {
			isa = XCBuildConfiguration;
			buildSettings = {
				ALWAYS_SEARCH_USER_PATHS = NO;
				CLANG_ANALYZER_NONNULL = YES;
				CLANG_ANALYZER_NUMBER_OBJECT_CONVERSION = YES_AGGRESSIVE;
				CLANG_CXX_LANGUAGE_STANDARD = "gnu++20";
				CLANG_ENABLE_MODULES = YES;
				CLANG_ENABLE_OBJC_ARC = YES;
				CLANG_ENABLE_OBJC_WEAK = YES;
				CLANG_WARN_BLOCK_CAPTURE_AUTORELEASING = YES;
				CLANG_WARN_BOOL_CONVERSION = YES;
				CLANG_WARN_COMMA = YES;
				CLANG_WARN_CONSTANT_CONVERSION = YES;
				CLANG_WARN_DEPRECATED_OBJC_IMPLEMENTATIONS = YES;
				CLANG_WARN_DIRECT_OBJC_ISA_USAGE = YES_ERROR;
				CLANG_WARN_DOCUMENTATION_COMMENTS = YES;
				CLANG_WARN_EMPTY_BODY = YES;
				CLANG_WARN_ENUM_CONVERSION = YES;
				CLANG_WARN_INFINITE_RECURSION = YES;
				CLANG_WARN_INT_CONVERSION = YES;
				CLANG_WARN_NON_LITERAL_NULL_CONVERSION = YES;
				CLANG_WARN_OBJC_IMPLICIT_RETAIN_SELF = YES;
				CLANG_WARN_OBJC_LITERAL_CONVERSION = YES;
				CLANG_WARN_OBJC_ROOT_CLASS = YES_ERROR;
				CLANG_WARN_QUOTED_INCLUDE_IN_FRAMEWORK_HEADER = YES;
				CLANG_WARN_RANGE_LOOP_ANALYSIS = YES;
				CLANG_WARN_STRICT_PROTOTYPES = YES;
				CLANG_WARN_SUSPICIOUS_MOVE = YES;
				CLANG_WARN_UNGUARDED_AVAILABILITY = YES_AGGRESSIVE;
				CLANG_WARN_UNREACHABLE_CODE = YES;
				CLANG_WARN__DUPLICATE_METHOD_MATCH = YES;
				COPY_PHASE_STRIP = NO;
				DEBUG_INFORMATION_FORMAT = dwarf;
				ENABLE_STRICT_OBJC_MSGSEND = YES;
				ENABLE_TESTABILITY = YES;
				GCC_C_LANGUAGE_STANDARD = gnu11;
				GCC_DYNAMIC_NO_PIC = NO;
				GCC_NO_COMMON_BLOCKS = YES;
				GCC_OPTIMIZATION_LEVEL = 0;
				GCC_PREPROCESSOR_DEFINITIONS = (
					"DEBUG=1",
					"$(inherited)",
				);
				GCC_WARN_64_TO_32_BIT_CONVERSION = YES;
				GCC_WARN_ABOUT_RETURN_TYPE = YES_ERROR;
				GCC_WARN_UNDECLARED_SELECTOR = YES;
				GCC_WARN_UNINITIALIZED_AUTOS = YES_AGGRESSIVE;
				GCC_WARN_UNUSED_FUNCTION = YES;
				GCC_WARN_UNUSED_VARIABLE = YES;
				IPHONEOS_DEPLOYMENT_TARGET = 16.2;
				MTL_ENABLE_DEBUG_INFO = INCLUDE_SOURCE;
				MTL_FAST_MATH = YES;
				ONLY_ACTIVE_ARCH = YES;
				SDKROOT = iphoneos;
				SWIFT_ACTIVE_COMPILATION_CONDITIONS = DEBUG;
				SWIFT_OPTIMIZATION_LEVEL = "-Onone";
			};
			name = Debug;
		};
		CDC3DFF9298D11D600D1FE30 /* Release */ = {
			isa = XCBuildConfiguration;
			buildSettings = {
				ALWAYS_SEARCH_USER_PATHS = NO;
				CLANG_ANALYZER_NONNULL = YES;
				CLANG_ANALYZER_NUMBER_OBJECT_CONVERSION = YES_AGGRESSIVE;
				CLANG_CXX_LANGUAGE_STANDARD = "gnu++20";
				CLANG_ENABLE_MODULES = YES;
				CLANG_ENABLE_OBJC_ARC = YES;
				CLANG_ENABLE_OBJC_WEAK = YES;
				CLANG_WARN_BLOCK_CAPTURE_AUTORELEASING = YES;
				CLANG_WARN_BOOL_CONVERSION = YES;
				CLANG_WARN_COMMA = YES;
				CLANG_WARN_CONSTANT_CONVERSION = YES;
				CLANG_WARN_DEPRECATED_OBJC_IMPLEMENTATIONS = YES;
				CLANG_WARN_DIRECT_OBJC_ISA_USAGE = YES_ERROR;
				CLANG_WARN_DOCUMENTATION_COMMENTS = YES;
				CLANG_WARN_EMPTY_BODY = YES;
				CLANG_WARN_ENUM_CONVERSION = YES;
				CLANG_WARN_INFINITE_RECURSION = YES;
				CLANG_WARN_INT_CONVERSION = YES;
				CLANG_WARN_NON_LITERAL_NULL_CONVERSION = YES;
				CLANG_WARN_OBJC_IMPLICIT_RETAIN_SELF = YES;
				CLANG_WARN_OBJC_LITERAL_CONVERSION = YES;
				CLANG_WARN_OBJC_ROOT_CLASS = YES_ERROR;
				CLANG_WARN_QUOTED_INCLUDE_IN_FRAMEWORK_HEADER = YES;
				CLANG_WARN_RANGE_LOOP_ANALYSIS = YES;
				CLANG_WARN_STRICT_PROTOTYPES = YES;
				CLANG_WARN_SUSPICIOUS_MOVE = YES;
				CLANG_WARN_UNGUARDED_AVAILABILITY = YES_AGGRESSIVE;
				CLANG_WARN_UNREACHABLE_CODE = YES;
				CLANG_WARN__DUPLICATE_METHOD_MATCH = YES;
				COPY_PHASE_STRIP = NO;
				DEBUG_INFORMATION_FORMAT = "dwarf-with-dsym";
				ENABLE_NS_ASSERTIONS = NO;
				ENABLE_STRICT_OBJC_MSGSEND = YES;
				GCC_C_LANGUAGE_STANDARD = gnu11;
				GCC_NO_COMMON_BLOCKS = YES;
				GCC_WARN_64_TO_32_BIT_CONVERSION = YES;
				GCC_WARN_ABOUT_RETURN_TYPE = YES_ERROR;
				GCC_WARN_UNDECLARED_SELECTOR = YES;
				GCC_WARN_UNINITIALIZED_AUTOS = YES_AGGRESSIVE;
				GCC_WARN_UNUSED_FUNCTION = YES;
				GCC_WARN_UNUSED_VARIABLE = YES;
				IPHONEOS_DEPLOYMENT_TARGET = 16.2;
				MTL_ENABLE_DEBUG_INFO = NO;
				MTL_FAST_MATH = YES;
				SDKROOT = iphoneos;
				SWIFT_COMPILATION_MODE = wholemodule;
				SWIFT_OPTIMIZATION_LEVEL = "-O";
				VALIDATE_PRODUCT = YES;
			};
			name = Release;
		};
		CDC3DFFB298D11D600D1FE30 /* Debug */ = {
			isa = XCBuildConfiguration;
			buildSettings = {
				ASSETCATALOG_COMPILER_APPICON_NAME = AppIcon;
				ASSETCATALOG_COMPILER_GLOBAL_ACCENT_COLOR_NAME = AccentColor;
				CODE_SIGN_STYLE = Automatic;
				CURRENT_PROJECT_VERSION = 1;
				DEVELOPMENT_TEAM = 47JH7NR5DK;
				GENERATE_INFOPLIST_FILE = YES;
				INFOPLIST_FILE = Bankey/Info.plist;
				INFOPLIST_KEY_UIApplicationSupportsIndirectInputEvents = YES;
				INFOPLIST_KEY_UILaunchStoryboardName = LaunchScreen;
				INFOPLIST_KEY_UIMainStoryboardFile = Main;
				INFOPLIST_KEY_UISupportedInterfaceOrientations_iPad = "UIInterfaceOrientationPortrait UIInterfaceOrientationPortraitUpsideDown UIInterfaceOrientationLandscapeLeft UIInterfaceOrientationLandscapeRight";
				INFOPLIST_KEY_UISupportedInterfaceOrientations_iPhone = "UIInterfaceOrientationPortrait UIInterfaceOrientationLandscapeLeft UIInterfaceOrientationLandscapeRight";
				LD_RUNPATH_SEARCH_PATHS = (
					"$(inherited)",
					"@executable_path/Frameworks",
				);
				MARKETING_VERSION = 1.0;
				PRODUCT_BUNDLE_IDENTIFIER = silva.Bankey;
				PRODUCT_NAME = "$(TARGET_NAME)";
				SWIFT_EMIT_LOC_STRINGS = YES;
				SWIFT_VERSION = 5.0;
				TARGETED_DEVICE_FAMILY = "1,2";
			};
			name = Debug;
		};
		CDC3DFFC298D11D600D1FE30 /* Release */ = {
			isa = XCBuildConfiguration;
			buildSettings = {
				ASSETCATALOG_COMPILER_APPICON_NAME = AppIcon;
				ASSETCATALOG_COMPILER_GLOBAL_ACCENT_COLOR_NAME = AccentColor;
				CODE_SIGN_STYLE = Automatic;
				CURRENT_PROJECT_VERSION = 1;
				DEVELOPMENT_TEAM = 47JH7NR5DK;
				GENERATE_INFOPLIST_FILE = YES;
				INFOPLIST_FILE = Bankey/Info.plist;
				INFOPLIST_KEY_UIApplicationSupportsIndirectInputEvents = YES;
				INFOPLIST_KEY_UILaunchStoryboardName = LaunchScreen;
				INFOPLIST_KEY_UIMainStoryboardFile = Main;
				INFOPLIST_KEY_UISupportedInterfaceOrientations_iPad = "UIInterfaceOrientationPortrait UIInterfaceOrientationPortraitUpsideDown UIInterfaceOrientationLandscapeLeft UIInterfaceOrientationLandscapeRight";
				INFOPLIST_KEY_UISupportedInterfaceOrientations_iPhone = "UIInterfaceOrientationPortrait UIInterfaceOrientationLandscapeLeft UIInterfaceOrientationLandscapeRight";
				LD_RUNPATH_SEARCH_PATHS = (
					"$(inherited)",
					"@executable_path/Frameworks",
				);
				MARKETING_VERSION = 1.0;
				PRODUCT_BUNDLE_IDENTIFIER = silva.Bankey;
				PRODUCT_NAME = "$(TARGET_NAME)";
				SWIFT_EMIT_LOC_STRINGS = YES;
				SWIFT_VERSION = 5.0;
				TARGETED_DEVICE_FAMILY = "1,2";
			};
			name = Release;
		};
		CDC3DFFE298D11D600D1FE30 /* Debug */ = {
			isa = XCBuildConfiguration;
			buildSettings = {
				ALWAYS_EMBED_SWIFT_STANDARD_LIBRARIES = YES;
				BUNDLE_LOADER = "$(TEST_HOST)";
				CODE_SIGN_STYLE = Automatic;
				CURRENT_PROJECT_VERSION = 1;
				DEVELOPMENT_TEAM = 47JH7NR5DK;
				GENERATE_INFOPLIST_FILE = YES;
				IPHONEOS_DEPLOYMENT_TARGET = 16.2;
				MARKETING_VERSION = 1.0;
				PRODUCT_BUNDLE_IDENTIFIER = silva.BankeyTests;
				PRODUCT_NAME = "$(TARGET_NAME)";
				SWIFT_EMIT_LOC_STRINGS = NO;
				SWIFT_VERSION = 5.0;
				TARGETED_DEVICE_FAMILY = "1,2";
				TEST_HOST = "$(BUILT_PRODUCTS_DIR)/Bankey.app/$(BUNDLE_EXECUTABLE_FOLDER_PATH)/Bankey";
			};
			name = Debug;
		};
		CDC3DFFF298D11D600D1FE30 /* Release */ = {
			isa = XCBuildConfiguration;
			buildSettings = {
				ALWAYS_EMBED_SWIFT_STANDARD_LIBRARIES = YES;
				BUNDLE_LOADER = "$(TEST_HOST)";
				CODE_SIGN_STYLE = Automatic;
				CURRENT_PROJECT_VERSION = 1;
				DEVELOPMENT_TEAM = 47JH7NR5DK;
				GENERATE_INFOPLIST_FILE = YES;
				IPHONEOS_DEPLOYMENT_TARGET = 16.2;
				MARKETING_VERSION = 1.0;
				PRODUCT_BUNDLE_IDENTIFIER = silva.BankeyTests;
				PRODUCT_NAME = "$(TARGET_NAME)";
				SWIFT_EMIT_LOC_STRINGS = NO;
				SWIFT_VERSION = 5.0;
				TARGETED_DEVICE_FAMILY = "1,2";
				TEST_HOST = "$(BUILT_PRODUCTS_DIR)/Bankey.app/$(BUNDLE_EXECUTABLE_FOLDER_PATH)/Bankey";
			};
			name = Release;
		};
		CDC3E001298D11D600D1FE30 /* Debug */ = {
			isa = XCBuildConfiguration;
			buildSettings = {
				ALWAYS_EMBED_SWIFT_STANDARD_LIBRARIES = YES;
				CODE_SIGN_STYLE = Automatic;
				CURRENT_PROJECT_VERSION = 1;
				DEVELOPMENT_TEAM = 47JH7NR5DK;
				GENERATE_INFOPLIST_FILE = YES;
				MARKETING_VERSION = 1.0;
				PRODUCT_BUNDLE_IDENTIFIER = silva.BankeyUITests;
				PRODUCT_NAME = "$(TARGET_NAME)";
				SWIFT_EMIT_LOC_STRINGS = NO;
				SWIFT_VERSION = 5.0;
				TARGETED_DEVICE_FAMILY = "1,2";
				TEST_TARGET_NAME = Bankey;
			};
			name = Debug;
		};
		CDC3E002298D11D600D1FE30 /* Release */ = {
			isa = XCBuildConfiguration;
			buildSettings = {
				ALWAYS_EMBED_SWIFT_STANDARD_LIBRARIES = YES;
				CODE_SIGN_STYLE = Automatic;
				CURRENT_PROJECT_VERSION = 1;
				DEVELOPMENT_TEAM = 47JH7NR5DK;
				GENERATE_INFOPLIST_FILE = YES;
				MARKETING_VERSION = 1.0;
				PRODUCT_BUNDLE_IDENTIFIER = silva.BankeyUITests;
				PRODUCT_NAME = "$(TARGET_NAME)";
				SWIFT_EMIT_LOC_STRINGS = NO;
				SWIFT_VERSION = 5.0;
				TARGETED_DEVICE_FAMILY = "1,2";
				TEST_TARGET_NAME = Bankey;
			};
			name = Release;
		};
/* End XCBuildConfiguration section */

/* Begin XCConfigurationList section */
		CDC3DFCB298D11D300D1FE30 /* Build configuration list for PBXProject "Bankey" */ = {
			isa = XCConfigurationList;
			buildConfigurations = (
				CDC3DFF8298D11D600D1FE30 /* Debug */,
				CDC3DFF9298D11D600D1FE30 /* Release */,
			);
			defaultConfigurationIsVisible = 0;
			defaultConfigurationName = Release;
		};
		CDC3DFFA298D11D600D1FE30 /* Build configuration list for PBXNativeTarget "Bankey" */ = {
			isa = XCConfigurationList;
			buildConfigurations = (
				CDC3DFFB298D11D600D1FE30 /* Debug */,
				CDC3DFFC298D11D600D1FE30 /* Release */,
			);
			defaultConfigurationIsVisible = 0;
			defaultConfigurationName = Release;
		};
		CDC3DFFD298D11D600D1FE30 /* Build configuration list for PBXNativeTarget "BankeyTests" */ = {
			isa = XCConfigurationList;
			buildConfigurations = (
				CDC3DFFE298D11D600D1FE30 /* Debug */,
				CDC3DFFF298D11D600D1FE30 /* Release */,
			);
			defaultConfigurationIsVisible = 0;
			defaultConfigurationName = Release;
		};
		CDC3E000298D11D600D1FE30 /* Build configuration list for PBXNativeTarget "BankeyUITests" */ = {
			isa = XCConfigurationList;
			buildConfigurations = (
				CDC3E001298D11D600D1FE30 /* Debug */,
				CDC3E002298D11D600D1FE30 /* Release */,
			);
			defaultConfigurationIsVisible = 0;
			defaultConfigurationName = Release;
		};
/* End XCConfigurationList section */
	};
	rootObject = CDC3DFC8298D11D300D1FE30 /* Project object */;
}
